
Microsoft Visual Studio Solution File, Format Version 12.00
# Visual Studio Version 17
VisualStudioVersion = 17.10.35027.167
MinimumVisualStudioVersion = 10.0.40219.1
Project("{FAE04EC0-301F-11D3-BF4B-00C04F79EFBC}") = "Lab03", "Lab 03\Lab03.csproj", "{D4E2DA14-F3F1-47FD-84C3-3806796461EC}"
EndProject
Global
	GlobalSection(SolutionConfigurationPlatforms) = preSolution
		Debug|Any CPU = Debug|Any CPU
		Release|Any CPU = Release|Any CPU
	EndGlobalSection
	GlobalSection(ProjectConfigurationPlatforms) = postSolution
		{D4E2DA14-F3F1-47FD-84C3-3806796461EC}.Debug|Any CPU.ActiveCfg = Debug|Any CPU
		{D4E2DA14-F3F1-47FD-84C3-3806796461EC}.Debug|Any CPU.Build.0 = Debug|Any CPU
		{D4E2DA14-F3F1-47FD-84C3-3806796461EC}.Release|Any CPU.ActiveCfg = Release|Any CPU
		{D4E2DA14-F3F1-47FD-84C3-3806796461EC}.Release|Any CPU.Build.0 = Release|Any CPU
	EndGlobalSection
	GlobalSection(SolutionProperties) = preSolution
		HideSolutionNode = FALSE
	EndGlobalSection
	GlobalSection(ExtensibilityGlobals) = postSolution
		SolutionGuid = {1CC425BA-CF99-4A86-90EA-0274A057509B}
	EndGlobalSection
EndGlobal
