
Microsoft Visual Studio Solution File, Format Version 12.00
# Visual Studio Version 17
VisualStudioVersion = 17.10.35027.167
MinimumVisualStudioVersion = 10.0.40219.1
Project("{FAE04EC0-301F-11D3-BF4B-00C04F79EFBC}") = "NetCoreMVCBTLab07", "NetCoreMVCBTLab07\NetCoreMVCBTLab07.csproj", "{F7EFEC4D-409F-40CC-9DBE-4DF9018C9116}"
EndProject
Global
	GlobalSection(SolutionConfigurationPlatforms) = preSolution
		Debug|Any CPU = Debug|Any CPU
		Release|Any CPU = Release|Any CPU
	EndGlobalSection
	GlobalSection(ProjectConfigurationPlatforms) = postSolution
		{F7EFEC4D-409F-40CC-9DBE-4DF9018C9116}.Debug|Any CPU.ActiveCfg = Debug|Any CPU
		{F7EFEC4D-409F-40CC-9DBE-4DF9018C9116}.Debug|Any CPU.Build.0 = Debug|Any CPU
		{F7EFEC4D-409F-40CC-9DBE-4DF9018C9116}.Release|Any CPU.ActiveCfg = Release|Any CPU
		{F7EFEC4D-409F-40CC-9DBE-4DF9018C9116}.Release|Any CPU.Build.0 = Release|Any CPU
	EndGlobalSection
	GlobalSection(SolutionProperties) = preSolution
		HideSolutionNode = FALSE
	EndGlobalSection
	GlobalSection(ExtensibilityGlobals) = postSolution
		SolutionGuid = {0B2897E0-54F7-4185-A1FE-4E38FFC8F3A9}
	EndGlobalSection
EndGlobal
